# herdr-lazy lock — resolved plugin set at last sync.
# Each `owner/repo@commit` reproduces exactly via `plugin install --ref`.
# Commits come from herdr's own `source.resolved_commit`.

natori-hrj/herdr-lazy@1d860a60263ed91f72f297edb0fcbfcc3f0ce6ec
cloudmanic/herdr-plus@f38df3570bea8f7ca71dc1ba11bce3b123d14402
smarzban/herdr-file-viewer@c237626260478d5f2d788149fc741ddf3c3588ba
persiyanov/herdr-reviewr@dca1fb88a56c0d6246a2e9004ecbe27fd11a4436
razajamil/herdr-plugin-workspace-manager@8302970a088b8dff4aca9a3d9034907d66be80a7
nelsonPires5/herdr-board@b6c9bce7a2307053a3ba039db31eb880c8979230
